
Microsoft Visual Studio Solution File, Format Version 12.00
Project("{FAE04EC0-301F-11D3-BF4B-00C04F79EFBC}") = "PaganOnline.DataManager.API", "PaganOnline.DataManager.API.csproj", "{72398414-FF39-48F5-89C3-769325F9B018}"
EndProject
Global
	GlobalSection(SolutionConfigurationPlatforms) = preSolution
		Debug|Any CPU = Debug|Any CPU
		Release|Any CPU = Release|Any CPU
	EndGlobalSection
	GlobalSection(ProjectConfigurationPlatforms) = postSolution
		{72398414-FF39-48F5-89C3-769325F9B018}.Debug|Any CPU.ActiveCfg = Debug|Any CPU
		{72398414-FF39-48F5-89C3-769325F9B018}.Debug|Any CPU.Build.0 = Debug|Any CPU
		{72398414-FF39-48F5-89C3-769325F9B018}.Release|Any CPU.ActiveCfg = Release|Any CPU
		{72398414-FF39-48F5-89C3-769325F9B018}.Release|Any CPU.Build.0 = Release|Any CPU
	EndGlobalSection
EndGlobal
